
Microsoft Visual Studio Solution File, Format Version 12.00
# Visual Studio Version 17
VisualStudioVersion = 17.0.31919.166
MinimumVisualStudioVersion = 10.0.40219.1
Project("{9A19103F-16F7-4668-BE54-9A1E7A4F7556}") = "Ats.Api", "src\Api\Ats.Api.csproj", "{F1A5E3C0-9B2A-4D5C-8E6A-7F1B3C2D4E5F}"
EndProject
Project("{9A19103F-16F7-4668-BE54-9A1E7A4F7556}") = "Ats.Db", "src\Db\Ats.Db.csproj", "{A2B1C3D4-E5F6-4A7B-8C9D-0E1F2A3B4C5D}"
EndProject
Project("{9A19103F-16F7-4668-BE54-9A1E7A4F7556}") = "Ats.Service", "src\Service\Ats.Service.csproj", "{B3C2D4E5-F6A7-4B8C-9D0E-1F2A3B4C5D6E}"
EndProject
Project("{9A19103F-16F7-4668-BE54-9A1E7A4F7556}") = "Ats.Shared", "src\Shared\Ats.Shared.csproj", "{C4D3E5F6-A7B8-4C9D-0E1F-2A3B4C5D6E7F}"
EndProject
Project("{9A19103F-16F7-4668-BE54-9A1E7A4F7556}") = "Ats.AppHost", "src\AppHost\Ats.AppHost.csproj", "{D5E4F6A7-B8C9-4D0E-1F2A-3B4C5D6E7F80}"
EndProject
Project("{9A19103F-16F7-4668-BE54-9A1E7A4F7556}") = "Ats.UnitTests", "tests\Ats.UnitTests\Ats.UnitTests.csproj", "{E6F5A7B8-C9D0-4E1F-2A3B-4C5D6E7F8091}"
EndProject
Project("{9A19103F-16F7-4668-BE54-9A1E7A4F7556}") = "Ats.IntegrationTests", "tests\Ats.IntegrationTests\Ats.IntegrationTests.csproj", "{F7A6B8C9-D0E1-4F2A-3B4C-5D6E7F809102}"
EndProject
Project("{9A19103F-16F7-4668-BE54-9A1E7A4F7556}") = "Ats.ArchitectureTests", "tests\Ats.ArchitectureTests\Ats.ArchitectureTests.csproj", "{A8B7C9D0-E1F2-4A3B-4C5D-6E7F80910213}"
EndProject
Global
	GlobalSection(SolutionConfigurationPlatforms) = preSolution
		Debug|Any CPU = Debug|Any CPU
		Release|Any CPU = Release|Any CPU
	EndGlobalSection
	GlobalSection(ProjectConfigurationPlatforms) = postSolution
		{F1A5E3C0-9B2A-4D5C-8E6A-7F1B3C2D4E5F}.Debug|Any CPU.ActiveCfg = Debug|Any CPU
		{F1A5E3C0-9B2A-4D5C-8E6A-7F1B3C2D4E5F}.Debug|Any CPU.Build.0 = Debug|Any CPU
		{F1A5E3C0-9B2A-4D5C-8E6A-7F1B3C2D4E5F}.Release|Any CPU.ActiveCfg = Release|Any CPU
		{F1A5E3C0-9B2A-4D5C-8E6A-7F1B3C2D4E5F}.Release|Any CPU.Build.0 = Release|Any CPU
		{A2B1C3D4-E5F6-4A7B-8C9D-0E1F2A3B4C5D}.Debug|Any CPU.ActiveCfg = Debug|Any CPU
		{A2B1C3D4-E5F6-4A7B-8C9D-0E1F2A3B4C5D}.Debug|Any CPU.Build.0 = Debug|Any CPU
		{A2B1C3D4-E5F6-4A7B-8C9D-0E1F2A3B4C5D}.Release|Any CPU.ActiveCfg = Release|Any CPU
		{A2B1C3D4-E5F6-4A7B-8C9D-0E1F2A3B4C5D}.Release|Any CPU.Build.0 = Release|Any CPU
		{B3C2D4E5-F6A7-4B8C-9D0E-1F2A3B4C5D6E}.Debug|Any CPU.ActiveCfg = Debug|Any CPU
		{B3C2D4E5-F6A7-4B8C-9D0E-1F2A3B4C5D6E}.Debug|Any CPU.Build.0 = Debug|Any CPU
		{B3C2D4E5-F6A7-4B8C-9D0E-1F2A3B4C5D6E}.Release|Any CPU.ActiveCfg = Release|Any CPU
		{B3C2D4E5-F6A7-4B8C-9D0E-1F2A3B4C5D6E}.Release|Any CPU.Build.0 = Release|Any CPU
		{C4D3E5F6-A7B8-4C9D-0E1F-2A3B4C5D6E7F}.Debug|Any CPU.ActiveCfg = Debug|Any CPU
		{C4D3E5F6-A7B8-4C9D-0E1F-2A3B4C5D6E7F}.Debug|Any CPU.Build.0 = Debug|Any CPU
		{C4D3E5F6-A7B8-4C9D-0E1F-2A3B4C5D6E7F}.Release|Any CPU.ActiveCfg = Release|Any CPU
		{C4D3E5F6-A7B8-4C9D-0E1F-2A3B4C5D6E7F}.Release|Any CPU.Build.0 = Release|Any CPU
		{D5E4F6A7-B8C9-4D0E-1F2A-3B4C5D6E7F80}.Debug|Any CPU.ActiveCfg = Debug|Any CPU
		{D5E4F6A7-B8C9-4D0E-1F2A-3B4C5D6E7F80}.Debug|Any CPU.Build.0 = Debug|Any CPU
		{D5E4F6A7-B8C9-4D0E-1F2A-3B4C5D6E7F80}.Release|Any CPU.ActiveCfg = Release|Any CPU
		{D5E4F6A7-B8C9-4D0E-1F2A-3B4C5D6E7F80}.Release|Any CPU.Build.0 = Release|Any CPU
		{E6F5A7B8-C9D0-4E1F-2A3B-4C5D6E7F8091}.Debug|Any CPU.ActiveCfg = Debug|Any CPU
		{E6F5A7B8-C9D0-4E1F-2A3B-4C5D6E7F8091}.Debug|Any CPU.Build.0 = Debug|Any CPU
		{E6F5A7B8-C9D0-4E1F-2A3B-4C5D6E7F8091}.Release|Any CPU.ActiveCfg = Release|Any CPU
		{E6F5A7B8-C9D0-4E1F-2A3B-4C5D6E7F8091}.Release|Any CPU.Build.0 = Release|Any CPU
		{F7A6B8C9-D0E1-4F2A-3B4C-5D6E7F809102}.Debug|Any CPU.ActiveCfg = Debug|Any CPU
		{F7A6B8C9-D0E1-4F2A-3B4C-5D6E7F809102}.Debug|Any CPU.Build.0 = Debug|Any CPU
		{F7A6B8C9-D0E1-4F2A-3B4C-5D6E7F809102}.Release|Any CPU.ActiveCfg = Release|Any CPU
		{F7A6B8C9-D0E1-4F2A-3B4C-5D6E7F809102}.Release|Any CPU.Build.0 = Release|Any CPU
		{A8B7C9D0-E1F2-4A3B-4C5D-6E7F80910213}.Debug|Any CPU.ActiveCfg = Debug|Any CPU
		{A8B7C9D0-E1F2-4A3B-4C5D-6E7F80910213}.Debug|Any CPU.Build.0 = Debug|Any CPU
		{A8B7C9D0-E1F2-4A3B-4C5D-6E7F80910213}.Release|Any CPU.ActiveCfg = Release|Any CPU
		{A8B7C9D0-E1F2-4A3B-4C5D-6E7F80910213}.Release|Any CPU.Build.0 = Release|Any CPU
	EndGlobalSection
EndGlobal
